
Microsoft Visual Studio Solution File, Format Version 12.00
# Visual Studio Version 17
VisualStudioVersion = 17.0.32014.148
MinimumVisualStudioVersion = 10.0.40219.1
Project("{FAE04EC0-301F-11D3-BF4B-00C04F79EFBC}") = "Algorithms", "Algorithms\Algorithms.csproj", "{FB655AA8-651A-4C54-B8F2-E44F28B31390}"
EndProject
Global
	GlobalSection(SolutionConfigurationPlatforms) = preSolution
		Debug|Any CPU = Debug|Any CPU
		Release|Any CPU = Release|Any CPU
	EndGlobalSection
	GlobalSection(ProjectConfigurationPlatforms) = postSolution
		{FB655AA8-651A-4C54-B8F2-E44F28B31390}.Debug|Any CPU.ActiveCfg = Debug|Any CPU
		{FB655AA8-651A-4C54-B8F2-E44F28B31390}.Debug|Any CPU.Build.0 = Debug|Any CPU
		{FB655AA8-651A-4C54-B8F2-E44F28B31390}.Release|Any CPU.ActiveCfg = Release|Any CPU
		{FB655AA8-651A-4C54-B8F2-E44F28B31390}.Release|Any CPU.Build.0 = Release|Any CPU
	EndGlobalSection
	GlobalSection(SolutionProperties) = preSolution
		HideSolutionNode = FALSE
	EndGlobalSection
	GlobalSection(ExtensibilityGlobals) = postSolution
		SolutionGuid = {A26F0E44-B34C-48A7-857E-82C351CA115D}
	EndGlobalSection
EndGlobal
